
Microsoft Visual Studio Solution File, Format Version 12.00
# Visual Studio Version 17
VisualStudioVersion = 17.10.34916.146
MinimumVisualStudioVersion = 10.0.40219.1
Project("{FAE04EC0-301F-11D3-BF4B-00C04F79EFBC}") = "BarkodluSatisProgrami1", "BarkodluSatisProgrami1\BarkodluSatisProgrami1.csproj", "{DF8EA849-37E8-43DD-BB54-5CC8A3F0440E}"
EndProject
Project("{FAE04EC0-301F-11D3-BF4B-00C04F79EFBC}") = "BarkodluSatis.BLL", "BarkodluSatis.BLL\BarkodluSatis.BLL.csproj", "{0541AA95-40AB-49C6-BE71-0EA1F6301EDE}"
EndProject
Project("{FAE04EC0-301F-11D3-BF4B-00C04F79EFBC}") = "BarkodluSatis.DLL", "BarkodluSatis.DLL\BarkodluSatis.DLL.csproj", "{C4972545-4602-4684-A021-AF79EFADA376}"
EndProject
Global
	GlobalSection(SolutionConfigurationPlatforms) = preSolution
		Debug|Any CPU = Debug|Any CPU
		Release|Any CPU = Release|Any CPU
	EndGlobalSection
	GlobalSection(ProjectConfigurationPlatforms) = postSolution
		{DF8EA849-37E8-43DD-BB54-5CC8A3F0440E}.Debug|Any CPU.ActiveCfg = Debug|Any CPU
		{DF8EA849-37E8-43DD-BB54-5CC8A3F0440E}.Debug|Any CPU.Build.0 = Debug|Any CPU
		{DF8EA849-37E8-43DD-BB54-5CC8A3F0440E}.Release|Any CPU.ActiveCfg = Release|Any CPU
		{DF8EA849-37E8-43DD-BB54-5CC8A3F0440E}.Release|Any CPU.Build.0 = Release|Any CPU
		{0541AA95-40AB-49C6-BE71-0EA1F6301EDE}.Debug|Any CPU.ActiveCfg = Debug|Any CPU
		{0541AA95-40AB-49C6-BE71-0EA1F6301EDE}.Debug|Any CPU.Build.0 = Debug|Any CPU
		{0541AA95-40AB-49C6-BE71-0EA1F6301EDE}.Release|Any CPU.ActiveCfg = Release|Any CPU
		{0541AA95-40AB-49C6-BE71-0EA1F6301EDE}.Release|Any CPU.Build.0 = Release|Any CPU
		{C4972545-4602-4684-A021-AF79EFADA376}.Debug|Any CPU.ActiveCfg = Debug|Any CPU
		{C4972545-4602-4684-A021-AF79EFADA376}.Debug|Any CPU.Build.0 = Debug|Any CPU
		{C4972545-4602-4684-A021-AF79EFADA376}.Release|Any CPU.ActiveCfg = Release|Any CPU
		{C4972545-4602-4684-A021-AF79EFADA376}.Release|Any CPU.Build.0 = Release|Any CPU
	EndGlobalSection
	GlobalSection(SolutionProperties) = preSolution
		HideSolutionNode = FALSE
	EndGlobalSection
	GlobalSection(ExtensibilityGlobals) = postSolution
		SolutionGuid = {4088A177-D987-489E-ACCE-DAA53D94BE27}
	EndGlobalSection
EndGlobal
